github.com/DATA-DOG/go-sqlmock v1.3.3/go.mod h1:f/Ixk793poVmq4qj/V1dPUg2JEAKC73Q5eFN3EC/SaM=
github.com/golang/freetype v0.0.0-20170609003504-e2365dfdc4a0 h1:DACJavvAHhabrF08vX0COfcOBJRhZ8lUbR+ZWIs0Y5g=
github.com/golang/freetype v0.0.0-20170609003504-e2365dfdc4a0/go.mod h1:E/TSTwGwJL78qG/PmXZO1EjYhfJinVAhrmmHX6Z8B9k=
github.com/lucasb-eyer/go-colorful v1.0.2/go.mod h1:0MS4r+7BZKSJ5mw4/S5MPN+qHFF1fYclkSPilDOKW0s=
github.com/lucasb-eyer/go-colorful v1.0.3 h1:QIbQXiugsb+q10B+MI+7DI1oQLdmnep86tWFlaaUAac=
github.com/lucasb-eyer/go-colorful v1.0.3/go.mod h1:R4dSotOR9KMtayYi1e77YzuveK+i7ruzyGqttikkLy0=
github.com/mattn/go-isatty v0.0.12 h1:wuysRhFDzyxgEmMf5xjvJ2M9dZoWAXNNr5LSBS7uHXY=
github.com/mattn/go-isatty v0.0.12/go.mod h1:cbi8OIDigv2wuxKPP5vlRcQ1OAZbq2CE4Kysco4FUpU=
github.com/mattn/go-runewidth v0.0.9 h1:Lm995f3rfxdpd6TSmuVCHVb/QhupuXlYr8sCI/QdE+0=
github.com/mattn/go-runewidth v0.0.9/go.mod h1:H031xJmbD/WCDINGzjvQ9THkh0rPKHF+m2gUSrubnMI=
github.com/muesli/clusters v0.0.0-20180605185049-a07a36e67d36/go.mod h1:mw5KDqUj0eLj/6DUNINLVJNoPTFkEuGMHtJsXLviLkY=
github.com/muesli/clusters v0.0.0-20200529215643-2700303c1762 h1:p4A2Jx7Lm3NV98VRMKlyWd3nqf8obft8NfXlAUmqd3I=
github.com/muesli/clusters v0.0.0-20200529215643-2700303c1762/go.mod h1:mw5KDqUj0eLj/6DUNINLVJNoPTFkEuGMHtJsXLviLkY=
github.com/muesli/gamut v0.2.0 h1:IZbl/hQzChTXtqDSXL8CDtjdRt58LivY03bGCm1yDyU=
github.com/muesli/gamut v0.2.0/go.mod h1:kz1+UJqI1thNtocJlowyqG2o0FNsN0W534VoMVsR9/Y=
github.com/muesli/kmeans v0.2.1 h1:ja5AnwfyDCVBCANrAfXr2pOh292FQnSeu1lySACDJU0=
github.com/muesli/kmeans v0.2.1/go.mod h1:eNyybq0tX9/iBEP6EMU4Y7dpmGK0uEhODdZpnG1a/iQ=
github.com/wcharczuk/go-chart/v2 v2.1.0 h1:tY2slqVQ6bN+yHSnDYwZebLQFkphK4WNrVwnt7CJZ2I=
github.com/wcharczuk/go-chart/v2 v2.1.0/go.mod h1:yx7MvAVNcP/kN9lKXM/NTce4au4DFN99j6i1OwDclNA=
github.com/xrash/smetrics v0.0.0-20200730060457-89a2a8a1fb0b h1:tnWgqoOBmInkt5pbLjagwNVjjT4RdJhFHzL1ebCSRh8=
github.com/xrash/smetrics v0.0.0-20200730060457-89a2a8a1fb0b/go.mod h1:N3UwUGtsrSj3ccvlPHLoLsHnpR27oXr4ZE984MbSER8=
golang.org/x/image v0.0.0-20200927104501-e162460cd6b5 h1:QelT11PB4FXiDEXucrfNckHoFxwt8USGY1ajP1ZF5lM=
golang.org/x/image v0.0.0-20200927104501-e162460cd6b5/go.mod h1:FeLwcggjj3mMvU+oOTbSwawSJRM1uh48EjtB4UJZlP0=
golang.org/x/sys v0.0.0-20200116001909-b77594299b42 h1:vEOn+mP2zCOVzKckCZy6YsCtDblrpj/w7B9nxGNELpg=
golang.org/x/sys v0.0.0-20200116001909-b77594299b42/go.mod h1:h1NjWce9XRLGQEsW7wpKNCjG9DtNlClVuFLEZdDNbEs=
golang.org/x/text v0.3.0/go.mod h1:NqM8EUOU14njkJ3fqMW+pc6Ldnwhi/IjpwHt7yyuwOQ=
